
Microsoft Visual Studio Solution File, Format Version 12.00
# Visual Studio 15
VisualStudioVersion = 15.0.27004.2008
MinimumVisualStudioVersion = 10.0.40219.1
Project("{FAE04EC0-301F-11D3-BF4B-00C04F79EFBC}") = "WebService_Task11", "WebService_Task11\WebService_Task11.csproj", "{61E9706D-D951-449D-8519-C52A99CCBCFC}"
EndProject
Project("{FAE04EC0-301F-11D3-BF4B-00C04F79EFBC}") = "NUnitTests", "NUnitTests\NUnitTests.csproj", "{A43393F3-45A0-4F97-95A3-A199A2848E32}"
EndProject
Global
	GlobalSection(SolutionConfigurationPlatforms) = preSolution
		Debug|Any CPU = Debug|Any CPU
		Release|Any CPU = Release|Any CPU
	EndGlobalSection
	GlobalSection(ProjectConfigurationPlatforms) = postSolution
		{61E9706D-D951-449D-8519-C52A99CCBCFC}.Debug|Any CPU.ActiveCfg = Debug|Any CPU
		{61E9706D-D951-449D-8519-C52A99CCBCFC}.Debug|Any CPU.Build.0 = Debug|Any CPU
		{61E9706D-D951-449D-8519-C52A99CCBCFC}.Release|Any CPU.ActiveCfg = Release|Any CPU
		{61E9706D-D951-449D-8519-C52A99CCBCFC}.Release|Any CPU.Build.0 = Release|Any CPU
		{A43393F3-45A0-4F97-95A3-A199A2848E32}.Debug|Any CPU.ActiveCfg = Debug|Any CPU
		{A43393F3-45A0-4F97-95A3-A199A2848E32}.Debug|Any CPU.Build.0 = Debug|Any CPU
		{A43393F3-45A0-4F97-95A3-A199A2848E32}.Release|Any CPU.ActiveCfg = Release|Any CPU
		{A43393F3-45A0-4F97-95A3-A199A2848E32}.Release|Any CPU.Build.0 = Release|Any CPU
	EndGlobalSection
	GlobalSection(SolutionProperties) = preSolution
		HideSolutionNode = FALSE
	EndGlobalSection
	GlobalSection(ExtensibilityGlobals) = postSolution
		SolutionGuid = {D0917882-058D-4FDB-9099-CC82B6D683F8}
	EndGlobalSection
EndGlobal
