
Microsoft Visual Studio Solution File, Format Version 12.00
# Visual Studio 15
VisualStudioVersion = 15.0.27004.2008
MinimumVisualStudioVersion = 10.0.40219.1
Project("{FAE04EC0-301F-11D3-BF4B-00C04F79EFBC}") = "task2.2105", "task2.2105\task2.2105.csproj", "{26641D6F-B087-4A58-BA93-7E87B0D4A9C5}"
EndProject
Project("{FAE04EC0-301F-11D3-BF4B-00C04F79EFBC}") = "NUnitTests", "NUnitTests\NUnitTests.csproj", "{D5012B64-E45B-41DC-BA65-CCDFCD45C826}"
EndProject
Global
	GlobalSection(SolutionConfigurationPlatforms) = preSolution
		Debug|Any CPU = Debug|Any CPU
		Release|Any CPU = Release|Any CPU
	EndGlobalSection
	GlobalSection(ProjectConfigurationPlatforms) = postSolution
		{26641D6F-B087-4A58-BA93-7E87B0D4A9C5}.Debug|Any CPU.ActiveCfg = Debug|Any CPU
		{26641D6F-B087-4A58-BA93-7E87B0D4A9C5}.Debug|Any CPU.Build.0 = Debug|Any CPU
		{26641D6F-B087-4A58-BA93-7E87B0D4A9C5}.Release|Any CPU.ActiveCfg = Release|Any CPU
		{26641D6F-B087-4A58-BA93-7E87B0D4A9C5}.Release|Any CPU.Build.0 = Release|Any CPU
		{D5012B64-E45B-41DC-BA65-CCDFCD45C826}.Debug|Any CPU.ActiveCfg = Debug|Any CPU
		{D5012B64-E45B-41DC-BA65-CCDFCD45C826}.Debug|Any CPU.Build.0 = Debug|Any CPU
		{D5012B64-E45B-41DC-BA65-CCDFCD45C826}.Release|Any CPU.ActiveCfg = Release|Any CPU
		{D5012B64-E45B-41DC-BA65-CCDFCD45C826}.Release|Any CPU.Build.0 = Release|Any CPU
	EndGlobalSection
	GlobalSection(SolutionProperties) = preSolution
		HideSolutionNode = FALSE
	EndGlobalSection
	GlobalSection(ExtensibilityGlobals) = postSolution
		SolutionGuid = {D135BC48-B8BF-4F7C-8F38-583A45CCE398}
	EndGlobalSection
EndGlobal
