
Microsoft Visual Studio Solution File, Format Version 12.00
# Visual Studio 15
VisualStudioVersion = 15.0.27004.2008
MinimumVisualStudioVersion = 10.0.40219.1
Project("{FAE04EC0-301F-11D3-BF4B-00C04F79EFBC}") = "task1.2105", "task1.2105\task1.2105.csproj", "{63E884C8-240F-413B-8EC5-4157F0EF6BB4}"
EndProject
Global
	GlobalSection(SolutionConfigurationPlatforms) = preSolution
		Debug|Any CPU = Debug|Any CPU
		Release|Any CPU = Release|Any CPU
	EndGlobalSection
	GlobalSection(ProjectConfigurationPlatforms) = postSolution
		{63E884C8-240F-413B-8EC5-4157F0EF6BB4}.Debug|Any CPU.ActiveCfg = Debug|Any CPU
		{63E884C8-240F-413B-8EC5-4157F0EF6BB4}.Debug|Any CPU.Build.0 = Debug|Any CPU
		{63E884C8-240F-413B-8EC5-4157F0EF6BB4}.Release|Any CPU.ActiveCfg = Release|Any CPU
		{63E884C8-240F-413B-8EC5-4157F0EF6BB4}.Release|Any CPU.Build.0 = Release|Any CPU
	EndGlobalSection
	GlobalSection(SolutionProperties) = preSolution
		HideSolutionNode = FALSE
	EndGlobalSection
	GlobalSection(ExtensibilityGlobals) = postSolution
		SolutionGuid = {0FACC087-4C47-4864-B68E-9A86EDA3D6B0}
	EndGlobalSection
EndGlobal
